
Microsoft Visual Studio Solution File, Format Version 12.00
# Visual Studio Version 16
VisualStudioVersion = 16.0.29920.165
MinimumVisualStudioVersion = 10.0.40219.1
Project("{8BC9CEB8-8B4A-11D0-8D11-00A0C91BC942}") = "leetcode_no1232_缀点成线_w1", "leetcode_no1232_缀点成线_w1.vcxproj", "{16E28EFC-FC48-4A1A-AF8F-7492F296DAF1}"
EndProject
Global
	GlobalSection(SolutionConfigurationPlatforms) = preSolution
		Debug|x64 = Debug|x64
		Debug|x86 = Debug|x86
		Release|x64 = Release|x64
		Release|x86 = Release|x86
	EndGlobalSection
	GlobalSection(ProjectConfigurationPlatforms) = postSolution
		{16E28EFC-FC48-4A1A-AF8F-7492F296DAF1}.Debug|x64.ActiveCfg = Debug|x64
		{16E28EFC-FC48-4A1A-AF8F-7492F296DAF1}.Debug|x64.Build.0 = Debug|x64
		{16E28EFC-FC48-4A1A-AF8F-7492F296DAF1}.Debug|x86.ActiveCfg = Debug|Win32
		{16E28EFC-FC48-4A1A-AF8F-7492F296DAF1}.Debug|x86.Build.0 = Debug|Win32
		{16E28EFC-FC48-4A1A-AF8F-7492F296DAF1}.Release|x64.ActiveCfg = Release|x64
		{16E28EFC-FC48-4A1A-AF8F-7492F296DAF1}.Release|x64.Build.0 = Release|x64
		{16E28EFC-FC48-4A1A-AF8F-7492F296DAF1}.Release|x86.ActiveCfg = Release|Win32
		{16E28EFC-FC48-4A1A-AF8F-7492F296DAF1}.Release|x86.Build.0 = Release|Win32
	EndGlobalSection
	GlobalSection(SolutionProperties) = preSolution
		HideSolutionNode = FALSE
	EndGlobalSection
	GlobalSection(ExtensibilityGlobals) = postSolution
		SolutionGuid = {7F5B37A5-4B3E-4696-A0CB-1B5DF73C70DA}
	EndGlobalSection
EndGlobal
